
Microsoft Visual Studio Solution File, Format Version 12.00
# Visual Studio Version 17
VisualStudioVersion = 17.7.34031.279
MinimumVisualStudioVersion = 10.0.40219.1
Project("{FAE04EC0-301F-11D3-BF4B-00C04F79EFBC}") = "Bullseye", "Bullseye\Bullseye\Bullseye.csproj", "{7DFD0988-B852-4A45-813C-90EDDAD85E12}"
EndProject
Project("{FAE04EC0-301F-11D3-BF4B-00C04F79EFBC}") = "CakeBuild", "Bullseye\CakeBuild\CakeBuild.csproj", "{E5005476-E770-44A9-85DF-BCE8023C0BEE}"
EndProject
Global
	GlobalSection(SolutionConfigurationPlatforms) = preSolution
		Debug|Any CPU = Debug|Any CPU
		Release|Any CPU = Release|Any CPU
	EndGlobalSection
	GlobalSection(ProjectConfigurationPlatforms) = postSolution
		{7DFD0988-B852-4A45-813C-90EDDAD85E12}.Debug|Any CPU.ActiveCfg = Debug|Any CPU
		{7DFD0988-B852-4A45-813C-90EDDAD85E12}.Debug|Any CPU.Build.0 = Debug|Any CPU
		{7DFD0988-B852-4A45-813C-90EDDAD85E12}.Release|Any CPU.ActiveCfg = Release|Any CPU
		{7DFD0988-B852-4A45-813C-90EDDAD85E12}.Release|Any CPU.Build.0 = Release|Any CPU
		{E5005476-E770-44A9-85DF-BCE8023C0BEE}.Debug|Any CPU.ActiveCfg = Debug|Any CPU
		{E5005476-E770-44A9-85DF-BCE8023C0BEE}.Debug|Any CPU.Build.0 = Debug|Any CPU
		{E5005476-E770-44A9-85DF-BCE8023C0BEE}.Release|Any CPU.ActiveCfg = Release|Any CPU
		{E5005476-E770-44A9-85DF-BCE8023C0BEE}.Release|Any CPU.Build.0 = Release|Any CPU
	EndGlobalSection
	GlobalSection(SolutionProperties) = preSolution
		HideSolutionNode = FALSE
	EndGlobalSection
	GlobalSection(ExtensibilityGlobals) = postSolution
		SolutionGuid = {AE5C77D5-5908-4AC5-9C95-5698DD0D6DCA}
	EndGlobalSection
EndGlobal
